
Microsoft Visual Studio Solution File, Format Version 12.00
# Visual Studio Version 17
VisualStudioVersion = 17.5.33502.453
MinimumVisualStudioVersion = 10.0.40219.1
Project("{9A19103F-16F7-4668-BE54-9A1E7A4F7556}") = "ASP.NET.MVC-Exprtiment", "ASP.NET.MVC-Exprtiment\ASP.NET.MVC-Exprtiment.csproj", "{08C219F6-9580-4A8C-9869-7A910888F96B}"
EndProject
Project("{9A19103F-16F7-4668-BE54-9A1E7A4F7556}") = "ASP.NET.MVC-Exprtiment.Core", "ASP.NET.MVC-Exprtiment.Core\ASP.NET.MVC-Exprtiment.Core.csproj", "{09AD77E6-0592-49B6-A580-350CBB1A9500}"
EndProject
Project("{9A19103F-16F7-4668-BE54-9A1E7A4F7556}") = "ASP.NET.MVC-Exprtiment.Business", "ASP.NET.MVC-Exprtiment.Business\ASP.NET.MVC-Exprtiment.Business.csproj", "{3ABAD3D9-6CC7-4350-B61C-76C03CB6A493}"
EndProject
Project("{9A19103F-16F7-4668-BE54-9A1E7A4F7556}") = "ASP.NET.MVC-Exprtiment.DataBase", "ASP.NET.MVC-Exprtiment.DataBase\ASP.NET.MVC-Exprtiment.DataBase.csproj", "{C1D9BCFA-214F-4649-B1C6-6DD84A402984}"
EndProject
Project("{9A19103F-16F7-4668-BE54-9A1E7A4F7556}") = "ASP.NET.MVC-Exprtiment.Data.Abstractions", "ASP.NET.MVC-Exprtiment.Data.Abstractions\ASP.NET.MVC-Exprtiment.Data.Abstractions.csproj", "{6BB65E11-2F1A-4FC4-838F-A856B55B06AA}"
EndProject
Project("{9A19103F-16F7-4668-BE54-9A1E7A4F7556}") = "ASP.NET.MVC-Exprtiment.Data.Repositories", "ASP.NET.MVC-Exprtiment.Data.Repositories\ASP.NET.MVC-Exprtiment.Data.Repositories.csproj", "{608ED0F9-4C98-492E-B586-C4A3B08837EA}"
EndProject
Project("{9A19103F-16F7-4668-BE54-9A1E7A4F7556}") = "WebApiExperiment", "WebApiExperiment\WebApiExperiment.csproj", "{592E7DD6-E2C8-4D53-86DE-73D3C4E5B158}"
EndProject
Project("{FAE04EC0-301F-11D3-BF4B-00C04F79EFBC}") = "ASP.NET.MVC-Exprtiment.Data.CQS", "ASP.NET.MVC-Exprtiment.Data.CQS\ASP.NET.MVC-Exprtiment.Data.CQS.csproj", "{323A00CA-E8DC-4204-90DA-E20A63311495}"
EndProject
Global
	GlobalSection(SolutionConfigurationPlatforms) = preSolution
		Debug|Any CPU = Debug|Any CPU
		Release|Any CPU = Release|Any CPU
	EndGlobalSection
	GlobalSection(ProjectConfigurationPlatforms) = postSolution
		{08C219F6-9580-4A8C-9869-7A910888F96B}.Debug|Any CPU.ActiveCfg = Debug|Any CPU
		{08C219F6-9580-4A8C-9869-7A910888F96B}.Debug|Any CPU.Build.0 = Debug|Any CPU
		{08C219F6-9580-4A8C-9869-7A910888F96B}.Release|Any CPU.ActiveCfg = Release|Any CPU
		{08C219F6-9580-4A8C-9869-7A910888F96B}.Release|Any CPU.Build.0 = Release|Any CPU
		{09AD77E6-0592-49B6-A580-350CBB1A9500}.Debug|Any CPU.ActiveCfg = Debug|Any CPU
		{09AD77E6-0592-49B6-A580-350CBB1A9500}.Debug|Any CPU.Build.0 = Debug|Any CPU
		{09AD77E6-0592-49B6-A580-350CBB1A9500}.Release|Any CPU.ActiveCfg = Release|Any CPU
		{09AD77E6-0592-49B6-A580-350CBB1A9500}.Release|Any CPU.Build.0 = Release|Any CPU
		{3ABAD3D9-6CC7-4350-B61C-76C03CB6A493}.Debug|Any CPU.ActiveCfg = Debug|Any CPU
		{3ABAD3D9-6CC7-4350-B61C-76C03CB6A493}.Debug|Any CPU.Build.0 = Debug|Any CPU
		{3ABAD3D9-6CC7-4350-B61C-76C03CB6A493}.Release|Any CPU.ActiveCfg = Release|Any CPU
		{3ABAD3D9-6CC7-4350-B61C-76C03CB6A493}.Release|Any CPU.Build.0 = Release|Any CPU
		{C1D9BCFA-214F-4649-B1C6-6DD84A402984}.Debug|Any CPU.ActiveCfg = Debug|Any CPU
		{C1D9BCFA-214F-4649-B1C6-6DD84A402984}.Debug|Any CPU.Build.0 = Debug|Any CPU
		{C1D9BCFA-214F-4649-B1C6-6DD84A402984}.Release|Any CPU.ActiveCfg = Release|Any CPU
		{C1D9BCFA-214F-4649-B1C6-6DD84A402984}.Release|Any CPU.Build.0 = Release|Any CPU
		{6BB65E11-2F1A-4FC4-838F-A856B55B06AA}.Debug|Any CPU.ActiveCfg = Debug|Any CPU
		{6BB65E11-2F1A-4FC4-838F-A856B55B06AA}.Debug|Any CPU.Build.0 = Debug|Any CPU
		{6BB65E11-2F1A-4FC4-838F-A856B55B06AA}.Release|Any CPU.ActiveCfg = Release|Any CPU
		{6BB65E11-2F1A-4FC4-838F-A856B55B06AA}.Release|Any CPU.Build.0 = Release|Any CPU
		{608ED0F9-4C98-492E-B586-C4A3B08837EA}.Debug|Any CPU.ActiveCfg = Debug|Any CPU
		{608ED0F9-4C98-492E-B586-C4A3B08837EA}.Debug|Any CPU.Build.0 = Debug|Any CPU
		{608ED0F9-4C98-492E-B586-C4A3B08837EA}.Release|Any CPU.ActiveCfg = Release|Any CPU
		{608ED0F9-4C98-492E-B586-C4A3B08837EA}.Release|Any CPU.Build.0 = Release|Any CPU
		{592E7DD6-E2C8-4D53-86DE-73D3C4E5B158}.Debug|Any CPU.ActiveCfg = Debug|Any CPU
		{592E7DD6-E2C8-4D53-86DE-73D3C4E5B158}.Debug|Any CPU.Build.0 = Debug|Any CPU
		{592E7DD6-E2C8-4D53-86DE-73D3C4E5B158}.Release|Any CPU.ActiveCfg = Release|Any CPU
		{592E7DD6-E2C8-4D53-86DE-73D3C4E5B158}.Release|Any CPU.Build.0 = Release|Any CPU
		{323A00CA-E8DC-4204-90DA-E20A63311495}.Debug|Any CPU.ActiveCfg = Debug|Any CPU
		{323A00CA-E8DC-4204-90DA-E20A63311495}.Debug|Any CPU.Build.0 = Debug|Any CPU
		{323A00CA-E8DC-4204-90DA-E20A63311495}.Release|Any CPU.ActiveCfg = Release|Any CPU
		{323A00CA-E8DC-4204-90DA-E20A63311495}.Release|Any CPU.Build.0 = Release|Any CPU
	EndGlobalSection
	GlobalSection(SolutionProperties) = preSolution
		HideSolutionNode = FALSE
	EndGlobalSection
	GlobalSection(ExtensibilityGlobals) = postSolution
		SolutionGuid = {3AC60ED7-D7C7-48AE-B74E-DDE291480021}
	EndGlobalSection
EndGlobal
