
Microsoft Visual Studio Solution File, Format Version 12.00
# Visual Studio Version 17
VisualStudioVersion = 17.3.32929.385
MinimumVisualStudioVersion = 10.0.40219.1
Project("{9A19103F-16F7-4668-BE54-9A1E7A4F7556}") = "MVCProject", "MVCProject\MVCProject.csproj", "{1BB0CCCA-8182-43AC-B26C-1560E1D26329}"
EndProject
Project("{FAE04EC0-301F-11D3-BF4B-00C04F79EFBC}") = "MVCProject.Core", "MVCProject.Core\MVCProject.Core.csproj", "{2C5B3AC5-C2E3-4F1C-89FA-9AAC71A642DA}"
EndProject
Project("{FAE04EC0-301F-11D3-BF4B-00C04F79EFBC}") = "MVCProject.Business", "MVCProject.Business\MVCProject.Business.csproj", "{6D7D2B03-CDD0-44ED-8367-6EBE4BBB589D}"
EndProject
Global
	GlobalSection(SolutionConfigurationPlatforms) = preSolution
		Debug|Any CPU = Debug|Any CPU
		Release|Any CPU = Release|Any CPU
	EndGlobalSection
	GlobalSection(ProjectConfigurationPlatforms) = postSolution
		{1BB0CCCA-8182-43AC-B26C-1560E1D26329}.Debug|Any CPU.ActiveCfg = Debug|Any CPU
		{1BB0CCCA-8182-43AC-B26C-1560E1D26329}.Debug|Any CPU.Build.0 = Debug|Any CPU
		{1BB0CCCA-8182-43AC-B26C-1560E1D26329}.Release|Any CPU.ActiveCfg = Release|Any CPU
		{1BB0CCCA-8182-43AC-B26C-1560E1D26329}.Release|Any CPU.Build.0 = Release|Any CPU
		{2C5B3AC5-C2E3-4F1C-89FA-9AAC71A642DA}.Debug|Any CPU.ActiveCfg = Debug|Any CPU
		{2C5B3AC5-C2E3-4F1C-89FA-9AAC71A642DA}.Debug|Any CPU.Build.0 = Debug|Any CPU
		{2C5B3AC5-C2E3-4F1C-89FA-9AAC71A642DA}.Release|Any CPU.ActiveCfg = Release|Any CPU
		{2C5B3AC5-C2E3-4F1C-89FA-9AAC71A642DA}.Release|Any CPU.Build.0 = Release|Any CPU
		{6D7D2B03-CDD0-44ED-8367-6EBE4BBB589D}.Debug|Any CPU.ActiveCfg = Debug|Any CPU
		{6D7D2B03-CDD0-44ED-8367-6EBE4BBB589D}.Debug|Any CPU.Build.0 = Debug|Any CPU
		{6D7D2B03-CDD0-44ED-8367-6EBE4BBB589D}.Release|Any CPU.ActiveCfg = Release|Any CPU
		{6D7D2B03-CDD0-44ED-8367-6EBE4BBB589D}.Release|Any CPU.Build.0 = Release|Any CPU
	EndGlobalSection
	GlobalSection(SolutionProperties) = preSolution
		HideSolutionNode = FALSE
	EndGlobalSection
	GlobalSection(ExtensibilityGlobals) = postSolution
		SolutionGuid = {20CF9940-4DB6-4EF7-95D2-3AA2A16628FE}
	EndGlobalSection
EndGlobal
