
Microsoft Visual Studio Solution File, Format Version 12.00
# Visual Studio Version 17
VisualStudioVersion = 17.2.32519.379
MinimumVisualStudioVersion = 10.0.40219.1
Project("{9A19103F-16F7-4668-BE54-9A1E7A4F7556}") = "HomeTask1.DaysNumbers", "HomeTask1.DaysNumbers\HomeTask1.DaysNumbers.csproj", "{2E32DEEA-82CE-4F7E-90C3-554DE9FA6919}"
EndProject
Project("{FAE04EC0-301F-11D3-BF4B-00C04F79EFBC}") = "HomeTask1.MultiplicationTable", "HomeTask1.MultiplicationTable\HomeTask1.MultiplicationTable.csproj", "{C113A979-54B4-491E-9781-ECDD51322804}"
EndProject
Global
	GlobalSection(SolutionConfigurationPlatforms) = preSolution
		Debug|Any CPU = Debug|Any CPU
		Release|Any CPU = Release|Any CPU
	EndGlobalSection
	GlobalSection(ProjectConfigurationPlatforms) = postSolution
		{2E32DEEA-82CE-4F7E-90C3-554DE9FA6919}.Debug|Any CPU.ActiveCfg = Debug|Any CPU
		{2E32DEEA-82CE-4F7E-90C3-554DE9FA6919}.Debug|Any CPU.Build.0 = Debug|Any CPU
		{2E32DEEA-82CE-4F7E-90C3-554DE9FA6919}.Release|Any CPU.ActiveCfg = Release|Any CPU
		{2E32DEEA-82CE-4F7E-90C3-554DE9FA6919}.Release|Any CPU.Build.0 = Release|Any CPU
		{C113A979-54B4-491E-9781-ECDD51322804}.Debug|Any CPU.ActiveCfg = Debug|Any CPU
		{C113A979-54B4-491E-9781-ECDD51322804}.Debug|Any CPU.Build.0 = Debug|Any CPU
		{C113A979-54B4-491E-9781-ECDD51322804}.Release|Any CPU.ActiveCfg = Release|Any CPU
		{C113A979-54B4-491E-9781-ECDD51322804}.Release|Any CPU.Build.0 = Release|Any CPU
	EndGlobalSection
	GlobalSection(SolutionProperties) = preSolution
		HideSolutionNode = FALSE
	EndGlobalSection
	GlobalSection(ExtensibilityGlobals) = postSolution
		SolutionGuid = {F44EF7DB-27FB-4473-B483-8E17E5EB91EC}
	EndGlobalSection
EndGlobal
