
Microsoft Visual Studio Solution File, Format Version 12.00
# Visual Studio Version 17
VisualStudioVersion = 17.4.33110.190
MinimumVisualStudioVersion = 10.0.40219.1
Project("{9A19103F-16F7-4668-BE54-9A1E7A4F7556}") = "C-SharpExperiments.OperationsWithNumbers", "C-SharpExperiments.OperationsWithNumbers\C-SharpExperiments.OperationsWithNumbers.csproj", "{4A6FAEEC-3B01-4BC0-8F49-CAB706C18BCA}"
EndProject
Project("{9A19103F-16F7-4668-BE54-9A1E7A4F7556}") = "C-SharpExperiments.Loops", "C-SharpExperiments.Loops\C-SharpExperiments.Loops.csproj", "{3B693347-801A-4400-9692-0FA400F95D5C}"
EndProject
Project("{9A19103F-16F7-4668-BE54-9A1E7A4F7556}") = "C-SharpExperiments.Generics", "C-SharpExperiments.Generics\C-SharpExperiments.Generics.csproj", "{880051C4-7255-4B57-92F1-178E98CD57EC}"
EndProject
Project("{9A19103F-16F7-4668-BE54-9A1E7A4F7556}") = "C-SharpExperiments.Strings", "C-SharpExperiments.Strings\C-SharpExperiments.Strings.csproj", "{526CA062-AFF2-4EDF-BD00-0ED34E3A1F73}"
EndProject
Project("{9A19103F-16F7-4668-BE54-9A1E7A4F7556}") = "C-SharpExperiments.DirectoriesAndFiles", "C-SharpExperiments.DirectoriesAndFiles\C-SharpExperiments.DirectoriesAndFiles.csproj", "{A740052E-E1E2-48A0-9837-430206F96AD3}"
EndProject
Project("{9A19103F-16F7-4668-BE54-9A1E7A4F7556}") = "C-SharpExperiments.Delegates", "C-SharpExperiments.Delegates\C-SharpExperiments.Delegates.csproj", "{82D8C456-8160-474E-8D56-A8FB9A3A7465}"
EndProject
Project("{9A19103F-16F7-4668-BE54-9A1E7A4F7556}") = "C-SharpExperiments.Lambda", "C-SharpExperiments.Lambda\C-SharpExperiments.Lambda.csproj", "{EBB3D0E2-843F-4F62-83B8-FAFE66070C39}"
EndProject
Project("{FAE04EC0-301F-11D3-BF4B-00C04F79EFBC}") = "C-SharpExperiments.Events", "C-SharpExperiments.Events\C-SharpExperiments.Events.csproj", "{97D2E325-1E7A-459A-88A1-63010B41374A}"
EndProject
Global
	GlobalSection(SolutionConfigurationPlatforms) = preSolution
		Debug|Any CPU = Debug|Any CPU
		Release|Any CPU = Release|Any CPU
	EndGlobalSection
	GlobalSection(ProjectConfigurationPlatforms) = postSolution
		{4A6FAEEC-3B01-4BC0-8F49-CAB706C18BCA}.Debug|Any CPU.ActiveCfg = Debug|Any CPU
		{4A6FAEEC-3B01-4BC0-8F49-CAB706C18BCA}.Debug|Any CPU.Build.0 = Debug|Any CPU
		{4A6FAEEC-3B01-4BC0-8F49-CAB706C18BCA}.Release|Any CPU.ActiveCfg = Release|Any CPU
		{4A6FAEEC-3B01-4BC0-8F49-CAB706C18BCA}.Release|Any CPU.Build.0 = Release|Any CPU
		{3B693347-801A-4400-9692-0FA400F95D5C}.Debug|Any CPU.ActiveCfg = Debug|Any CPU
		{3B693347-801A-4400-9692-0FA400F95D5C}.Debug|Any CPU.Build.0 = Debug|Any CPU
		{3B693347-801A-4400-9692-0FA400F95D5C}.Release|Any CPU.ActiveCfg = Release|Any CPU
		{3B693347-801A-4400-9692-0FA400F95D5C}.Release|Any CPU.Build.0 = Release|Any CPU
		{880051C4-7255-4B57-92F1-178E98CD57EC}.Debug|Any CPU.ActiveCfg = Debug|Any CPU
		{880051C4-7255-4B57-92F1-178E98CD57EC}.Debug|Any CPU.Build.0 = Debug|Any CPU
		{880051C4-7255-4B57-92F1-178E98CD57EC}.Release|Any CPU.ActiveCfg = Release|Any CPU
		{880051C4-7255-4B57-92F1-178E98CD57EC}.Release|Any CPU.Build.0 = Release|Any CPU
		{526CA062-AFF2-4EDF-BD00-0ED34E3A1F73}.Debug|Any CPU.ActiveCfg = Debug|Any CPU
		{526CA062-AFF2-4EDF-BD00-0ED34E3A1F73}.Debug|Any CPU.Build.0 = Debug|Any CPU
		{526CA062-AFF2-4EDF-BD00-0ED34E3A1F73}.Release|Any CPU.ActiveCfg = Release|Any CPU
		{526CA062-AFF2-4EDF-BD00-0ED34E3A1F73}.Release|Any CPU.Build.0 = Release|Any CPU
		{A740052E-E1E2-48A0-9837-430206F96AD3}.Debug|Any CPU.ActiveCfg = Debug|Any CPU
		{A740052E-E1E2-48A0-9837-430206F96AD3}.Debug|Any CPU.Build.0 = Debug|Any CPU
		{A740052E-E1E2-48A0-9837-430206F96AD3}.Release|Any CPU.ActiveCfg = Release|Any CPU
		{A740052E-E1E2-48A0-9837-430206F96AD3}.Release|Any CPU.Build.0 = Release|Any CPU
		{82D8C456-8160-474E-8D56-A8FB9A3A7465}.Debug|Any CPU.ActiveCfg = Debug|Any CPU
		{82D8C456-8160-474E-8D56-A8FB9A3A7465}.Debug|Any CPU.Build.0 = Debug|Any CPU
		{82D8C456-8160-474E-8D56-A8FB9A3A7465}.Release|Any CPU.ActiveCfg = Release|Any CPU
		{82D8C456-8160-474E-8D56-A8FB9A3A7465}.Release|Any CPU.Build.0 = Release|Any CPU
		{EBB3D0E2-843F-4F62-83B8-FAFE66070C39}.Debug|Any CPU.ActiveCfg = Debug|Any CPU
		{EBB3D0E2-843F-4F62-83B8-FAFE66070C39}.Debug|Any CPU.Build.0 = Debug|Any CPU
		{EBB3D0E2-843F-4F62-83B8-FAFE66070C39}.Release|Any CPU.ActiveCfg = Release|Any CPU
		{EBB3D0E2-843F-4F62-83B8-FAFE66070C39}.Release|Any CPU.Build.0 = Release|Any CPU
		{97D2E325-1E7A-459A-88A1-63010B41374A}.Debug|Any CPU.ActiveCfg = Debug|Any CPU
		{97D2E325-1E7A-459A-88A1-63010B41374A}.Debug|Any CPU.Build.0 = Debug|Any CPU
		{97D2E325-1E7A-459A-88A1-63010B41374A}.Release|Any CPU.ActiveCfg = Release|Any CPU
		{97D2E325-1E7A-459A-88A1-63010B41374A}.Release|Any CPU.Build.0 = Release|Any CPU
	EndGlobalSection
	GlobalSection(SolutionProperties) = preSolution
		HideSolutionNode = FALSE
	EndGlobalSection
	GlobalSection(ExtensibilityGlobals) = postSolution
		SolutionGuid = {59F73F66-D227-43E4-BB9F-87FD7E616A6B}
	EndGlobalSection
EndGlobal
