
Microsoft Visual Studio Solution File, Format Version 12.00
# Visual Studio Version 17
VisualStudioVersion = 17.2.32616.157
MinimumVisualStudioVersion = 10.0.40219.1
Project("{FAE04EC0-301F-11D3-BF4B-00C04F79EFBC}") = "MedicalAssistantMVCApp", "MedicalAssistantMVCApp\MedicalAssistantMVCApp.csproj", "{1AF55A2A-CA23-42D3-BB20-551BE3F9376E}"
EndProject
Global
	GlobalSection(SolutionConfigurationPlatforms) = preSolution
		Debug|Any CPU = Debug|Any CPU
		Release|Any CPU = Release|Any CPU
	EndGlobalSection
	GlobalSection(ProjectConfigurationPlatforms) = postSolution
		{1AF55A2A-CA23-42D3-BB20-551BE3F9376E}.Debug|Any CPU.ActiveCfg = Debug|Any CPU
		{1AF55A2A-CA23-42D3-BB20-551BE3F9376E}.Debug|Any CPU.Build.0 = Debug|Any CPU
		{1AF55A2A-CA23-42D3-BB20-551BE3F9376E}.Release|Any CPU.ActiveCfg = Release|Any CPU
		{1AF55A2A-CA23-42D3-BB20-551BE3F9376E}.Release|Any CPU.Build.0 = Release|Any CPU
	EndGlobalSection
	GlobalSection(SolutionProperties) = preSolution
		HideSolutionNode = FALSE
	EndGlobalSection
	GlobalSection(ExtensibilityGlobals) = postSolution
		SolutionGuid = {F4F0AB46-782B-45F3-A5C1-696DBAB4E51C}
	EndGlobalSection
EndGlobal
